<?xml version="1.0" encoding="utf-8"?>
<Project ToolsVersion="15.0" xmlns="http://schemas.microsoft.com/developer/msbuild/2003">
  <ItemGroup>
    <CustomBuild Include="D:\git\openpose\bulid_windows\CMakeFiles\4f4e006a2340998f88b463d9dae5a1cd\INSTALL_force.rule">
      <Filter>CMake Rules</Filter>
    </CustomBuild>
  </ItemGroup>
  <ItemGroup>
    <Filter Include="CMake Rules">
      <UniqueIdentifier>{6AED4796-8FE3-39D4-8657-7FA76943FF60}</UniqueIdentifier>
    </Filter>
  </ItemGroup>
</Project>
