<?xml version="1.0" encoding="utf-8"?>
<Project ToolsVersion="15.0" xmlns="http://schemas.microsoft.com/developer/msbuild/2003">
  <ItemGroup>
    <ClCompile Include="D:\git\openpose\src\openpose\3d\cameraParameterReader.cpp">
      <Filter>Source Files\3d</Filter>
    </ClCompile>
    <ClCompile Include="D:\git\openpose\src\openpose\3d\defineTemplates.cpp">
      <Filter>Source Files\3d</Filter>
    </ClCompile>
    <ClCompile Include="D:\git\openpose\src\openpose\3d\jointAngleEstimation.cpp">
      <Filter>Source Files\3d</Filter>
    </ClCompile>
    <ClCompile Include="D:\git\openpose\src\openpose\3d\poseTriangulation.cpp">
      <Filter>Source Files\3d</Filter>
    </ClCompile>
    <ClCompile Include="D:\git\openpose\src\openpose\calibration\cameraParameterEstimation.cpp">
      <Filter>Source Files\calibration</Filter>
    </ClCompile>
    <ClCompile Include="D:\git\openpose\src\openpose\calibration\gridPatternFunctions.cpp">
      <Filter>Source Files\calibration</Filter>
    </ClCompile>
    <ClCompile Include="D:\git\openpose\src\openpose\core\array.cpp">
      <Filter>Source Files\core</Filter>
    </ClCompile>
    <ClCompile Include="D:\git\openpose\src\openpose\core\cvMatToOpInput.cpp">
      <Filter>Source Files\core</Filter>
    </ClCompile>
    <ClCompile Include="D:\git\openpose\src\openpose\core\cvMatToOpOutput.cpp">
      <Filter>Source Files\core</Filter>
    </ClCompile>
    <ClCompile Include="D:\git\openpose\src\openpose\core\datum.cpp">
      <Filter>Source Files\core</Filter>
    </ClCompile>
    <ClCompile Include="D:\git\openpose\src\openpose\core\defineTemplates.cpp">
      <Filter>Source Files\core</Filter>
    </ClCompile>
    <ClCompile Include="D:\git\openpose\src\openpose\core\gpuRenderer.cpp">
      <Filter>Source Files\core</Filter>
    </ClCompile>
    <ClCompile Include="D:\git\openpose\src\openpose\core\keepTopNPeople.cpp">
      <Filter>Source Files\core</Filter>
    </ClCompile>
    <ClCompile Include="D:\git\openpose\src\openpose\core\keypointScaler.cpp">
      <Filter>Source Files\core</Filter>
    </ClCompile>
    <ClCompile Include="D:\git\openpose\src\openpose\core\opOutputToCvMat.cpp">
      <Filter>Source Files\core</Filter>
    </ClCompile>
    <ClCompile Include="D:\git\openpose\src\openpose\core\point.cpp">
      <Filter>Source Files\core</Filter>
    </ClCompile>
    <ClCompile Include="D:\git\openpose\src\openpose\core\rectangle.cpp">
      <Filter>Source Files\core</Filter>
    </ClCompile>
    <ClCompile Include="D:\git\openpose\src\openpose\core\renderer.cpp">
      <Filter>Source Files\core</Filter>
    </ClCompile>
    <ClCompile Include="D:\git\openpose\src\openpose\core\scaleAndSizeExtractor.cpp">
      <Filter>Source Files\core</Filter>
    </ClCompile>
    <ClCompile Include="D:\git\openpose\src\openpose\face\defineTemplates.cpp">
      <Filter>Source Files\face</Filter>
    </ClCompile>
    <ClCompile Include="D:\git\openpose\src\openpose\face\faceDetector.cpp">
      <Filter>Source Files\face</Filter>
    </ClCompile>
    <ClCompile Include="D:\git\openpose\src\openpose\face\faceDetectorOpenCV.cpp">
      <Filter>Source Files\face</Filter>
    </ClCompile>
    <ClCompile Include="D:\git\openpose\src\openpose\face\faceExtractorCaffe.cpp">
      <Filter>Source Files\face</Filter>
    </ClCompile>
    <ClCompile Include="D:\git\openpose\src\openpose\face\faceExtractorNet.cpp">
      <Filter>Source Files\face</Filter>
    </ClCompile>
    <ClCompile Include="D:\git\openpose\src\openpose\face\faceCpuRenderer.cpp">
      <Filter>Source Files\face</Filter>
    </ClCompile>
    <ClCompile Include="D:\git\openpose\src\openpose\face\faceGpuRenderer.cpp">
      <Filter>Source Files\face</Filter>
    </ClCompile>
    <ClCompile Include="D:\git\openpose\src\openpose\face\faceRenderer.cpp">
      <Filter>Source Files\face</Filter>
    </ClCompile>
    <ClCompile Include="D:\git\openpose\src\openpose\face\renderFace.cpp">
      <Filter>Source Files\face</Filter>
    </ClCompile>
    <ClCompile Include="D:\git\openpose\src\openpose\filestream\bvhSaver.cpp">
      <Filter>Source Files\filestream</Filter>
    </ClCompile>
    <ClCompile Include="D:\git\openpose\src\openpose\filestream\cocoJsonSaver.cpp">
      <Filter>Source Files\filestream</Filter>
    </ClCompile>
    <ClCompile Include="D:\git\openpose\src\openpose\filestream\defineTemplates.cpp">
      <Filter>Source Files\filestream</Filter>
    </ClCompile>
    <ClCompile Include="D:\git\openpose\src\openpose\filestream\fileSaver.cpp">
      <Filter>Source Files\filestream</Filter>
    </ClCompile>
    <ClCompile Include="D:\git\openpose\src\openpose\filestream\fileStream.cpp">
      <Filter>Source Files\filestream</Filter>
    </ClCompile>
    <ClCompile Include="D:\git\openpose\src\openpose\filestream\heatMapSaver.cpp">
      <Filter>Source Files\filestream</Filter>
    </ClCompile>
    <ClCompile Include="D:\git\openpose\src\openpose\filestream\imageSaver.cpp">
      <Filter>Source Files\filestream</Filter>
    </ClCompile>
    <ClCompile Include="D:\git\openpose\src\openpose\filestream\jsonOfstream.cpp">
      <Filter>Source Files\filestream</Filter>
    </ClCompile>
    <ClCompile Include="D:\git\openpose\src\openpose\filestream\keypointSaver.cpp">
      <Filter>Source Files\filestream</Filter>
    </ClCompile>
    <ClCompile Include="D:\git\openpose\src\openpose\filestream\peopleJsonSaver.cpp">
      <Filter>Source Files\filestream</Filter>
    </ClCompile>
    <ClCompile Include="D:\git\openpose\src\openpose\filestream\udpSender.cpp">
      <Filter>Source Files\filestream</Filter>
    </ClCompile>
    <ClCompile Include="D:\git\openpose\src\openpose\filestream\videoSaver.cpp">
      <Filter>Source Files\filestream</Filter>
    </ClCompile>
    <ClCompile Include="D:\git\openpose\src\openpose\gpu\cuda.cpp">
      <Filter>Source Files\gpu</Filter>
    </ClCompile>
    <ClCompile Include="D:\git\openpose\src\openpose\gpu\gpu.cpp">
      <Filter>Source Files\gpu</Filter>
    </ClCompile>
    <ClCompile Include="D:\git\openpose\src\openpose\gpu\opencl.cpp">
      <Filter>Source Files\gpu</Filter>
    </ClCompile>
    <ClCompile Include="D:\git\openpose\src\openpose\gui\defineTemplates.cpp">
      <Filter>Source Files\gui</Filter>
    </ClCompile>
    <ClCompile Include="D:\git\openpose\src\openpose\gui\frameDisplayer.cpp">
      <Filter>Source Files\gui</Filter>
    </ClCompile>
    <ClCompile Include="D:\git\openpose\src\openpose\gui\gui.cpp">
      <Filter>Source Files\gui</Filter>
    </ClCompile>
    <ClCompile Include="D:\git\openpose\src\openpose\gui\guiAdam.cpp">
      <Filter>Source Files\gui</Filter>
    </ClCompile>
    <ClCompile Include="D:\git\openpose\src\openpose\gui\gui3D.cpp">
      <Filter>Source Files\gui</Filter>
    </ClCompile>
    <ClCompile Include="D:\git\openpose\src\openpose\gui\guiInfoAdder.cpp">
      <Filter>Source Files\gui</Filter>
    </ClCompile>
    <ClCompile Include="D:\git\openpose\src\openpose\hand\defineTemplates.cpp">
      <Filter>Source Files\hand</Filter>
    </ClCompile>
    <ClCompile Include="D:\git\openpose\src\openpose\hand\handDetector.cpp">
      <Filter>Source Files\hand</Filter>
    </ClCompile>
    <ClCompile Include="D:\git\openpose\src\openpose\hand\handDetectorFromTxt.cpp">
      <Filter>Source Files\hand</Filter>
    </ClCompile>
    <ClCompile Include="D:\git\openpose\src\openpose\hand\handExtractorCaffe.cpp">
      <Filter>Source Files\hand</Filter>
    </ClCompile>
    <ClCompile Include="D:\git\openpose\src\openpose\hand\handExtractorNet.cpp">
      <Filter>Source Files\hand</Filter>
    </ClCompile>
    <ClCompile Include="D:\git\openpose\src\openpose\hand\handCpuRenderer.cpp">
      <Filter>Source Files\hand</Filter>
    </ClCompile>
    <ClCompile Include="D:\git\openpose\src\openpose\hand\handGpuRenderer.cpp">
      <Filter>Source Files\hand</Filter>
    </ClCompile>
    <ClCompile Include="D:\git\openpose\src\openpose\hand\handRenderer.cpp">
      <Filter>Source Files\hand</Filter>
    </ClCompile>
    <ClCompile Include="D:\git\openpose\src\openpose\hand\renderHand.cpp">
      <Filter>Source Files\hand</Filter>
    </ClCompile>
    <ClCompile Include="D:\git\openpose\src\openpose\net\maximumBase.cpp">
      <Filter>Source Files\net</Filter>
    </ClCompile>
    <ClCompile Include="D:\git\openpose\src\openpose\net\maximumCaffe.cpp">
      <Filter>Source Files\net</Filter>
    </ClCompile>
    <ClCompile Include="D:\git\openpose\src\openpose\net\netCaffe.cpp">
      <Filter>Source Files\net</Filter>
    </ClCompile>
    <ClCompile Include="D:\git\openpose\src\openpose\net\nmsBase.cpp">
      <Filter>Source Files\net</Filter>
    </ClCompile>
    <ClCompile Include="D:\git\openpose\src\openpose\net\nmsBaseCL.cpp">
      <Filter>Source Files\net</Filter>
    </ClCompile>
    <ClCompile Include="D:\git\openpose\src\openpose\net\nmsCaffe.cpp">
      <Filter>Source Files\net</Filter>
    </ClCompile>
    <ClCompile Include="D:\git\openpose\src\openpose\net\resizeAndMergeBase.cpp">
      <Filter>Source Files\net</Filter>
    </ClCompile>
    <ClCompile Include="D:\git\openpose\src\openpose\net\resizeAndMergeBaseCL.cpp">
      <Filter>Source Files\net</Filter>
    </ClCompile>
    <ClCompile Include="D:\git\openpose\src\openpose\net\resizeAndMergeCaffe.cpp">
      <Filter>Source Files\net</Filter>
    </ClCompile>
    <ClCompile Include="D:\git\openpose\src\openpose\pose\bodyPartConnectorBase.cpp">
      <Filter>Source Files\pose</Filter>
    </ClCompile>
    <ClCompile Include="D:\git\openpose\src\openpose\pose\bodyPartConnectorCaffe.cpp">
      <Filter>Source Files\pose</Filter>
    </ClCompile>
    <ClCompile Include="D:\git\openpose\src\openpose\pose\defineTemplates.cpp">
      <Filter>Source Files\pose</Filter>
    </ClCompile>
    <ClCompile Include="D:\git\openpose\src\openpose\pose\poseCpuRenderer.cpp">
      <Filter>Source Files\pose</Filter>
    </ClCompile>
    <ClCompile Include="D:\git\openpose\src\openpose\pose\poseExtractor.cpp">
      <Filter>Source Files\pose</Filter>
    </ClCompile>
    <ClCompile Include="D:\git\openpose\src\openpose\pose\poseExtractorCaffe.cpp">
      <Filter>Source Files\pose</Filter>
    </ClCompile>
    <ClCompile Include="D:\git\openpose\src\openpose\pose\poseExtractorNet.cpp">
      <Filter>Source Files\pose</Filter>
    </ClCompile>
    <ClCompile Include="D:\git\openpose\src\openpose\pose\poseGpuRenderer.cpp">
      <Filter>Source Files\pose</Filter>
    </ClCompile>
    <ClCompile Include="D:\git\openpose\src\openpose\pose\poseParameters.cpp">
      <Filter>Source Files\pose</Filter>
    </ClCompile>
    <ClCompile Include="D:\git\openpose\src\openpose\pose\poseParametersRender.cpp">
      <Filter>Source Files\pose</Filter>
    </ClCompile>
    <ClCompile Include="D:\git\openpose\src\openpose\pose\poseRenderer.cpp">
      <Filter>Source Files\pose</Filter>
    </ClCompile>
    <ClCompile Include="D:\git\openpose\src\openpose\pose\renderPose.cpp">
      <Filter>Source Files\pose</Filter>
    </ClCompile>
    <ClCompile Include="D:\git\openpose\src\openpose\producer\defineTemplates.cpp">
      <Filter>Source Files\producer</Filter>
    </ClCompile>
    <ClCompile Include="D:\git\openpose\src\openpose\producer\flirReader.cpp">
      <Filter>Source Files\producer</Filter>
    </ClCompile>
    <ClCompile Include="D:\git\openpose\src\openpose\producer\imageDirectoryReader.cpp">
      <Filter>Source Files\producer</Filter>
    </ClCompile>
    <ClCompile Include="D:\git\openpose\src\openpose\producer\ipCameraReader.cpp">
      <Filter>Source Files\producer</Filter>
    </ClCompile>
    <ClCompile Include="D:\git\openpose\src\openpose\producer\producer.cpp">
      <Filter>Source Files\producer</Filter>
    </ClCompile>
    <ClCompile Include="D:\git\openpose\src\openpose\producer\spinnakerWrapper.cpp">
      <Filter>Source Files\producer</Filter>
    </ClCompile>
    <ClCompile Include="D:\git\openpose\src\openpose\producer\videoCaptureReader.cpp">
      <Filter>Source Files\producer</Filter>
    </ClCompile>
    <ClCompile Include="D:\git\openpose\src\openpose\producer\videoReader.cpp">
      <Filter>Source Files\producer</Filter>
    </ClCompile>
    <ClCompile Include="D:\git\openpose\src\openpose\producer\webcamReader.cpp">
      <Filter>Source Files\producer</Filter>
    </ClCompile>
    <ClCompile Include="D:\git\openpose\src\openpose\thread\defineTemplates.cpp">
      <Filter>Source Files\thread</Filter>
    </ClCompile>
    <ClCompile Include="D:\git\openpose\src\openpose\tracking\defineTemplates.cpp">
      <Filter>Source Files\tracking</Filter>
    </ClCompile>
    <ClCompile Include="D:\git\openpose\src\openpose\tracking\personIdExtractor.cpp">
      <Filter>Source Files\tracking</Filter>
    </ClCompile>
    <ClCompile Include="D:\git\openpose\src\openpose\tracking\personTracker.cpp">
      <Filter>Source Files\tracking</Filter>
    </ClCompile>
    <ClCompile Include="D:\git\openpose\src\openpose\tracking\pyramidalLK.cpp">
      <Filter>Source Files\tracking</Filter>
    </ClCompile>
    <ClCompile Include="D:\git\openpose\src\openpose\utilities\errorAndLog.cpp">
      <Filter>Source Files\utilities</Filter>
    </ClCompile>
    <ClCompile Include="D:\git\openpose\src\openpose\utilities\fileSystem.cpp">
      <Filter>Source Files\utilities</Filter>
    </ClCompile>
    <ClCompile Include="D:\git\openpose\src\openpose\utilities\flagsToOpenPose.cpp">
      <Filter>Source Files\utilities</Filter>
    </ClCompile>
    <ClCompile Include="D:\git\openpose\src\openpose\utilities\keypoint.cpp">
      <Filter>Source Files\utilities</Filter>
    </ClCompile>
    <ClCompile Include="D:\git\openpose\src\openpose\utilities\openCv.cpp">
      <Filter>Source Files\utilities</Filter>
    </ClCompile>
    <ClCompile Include="D:\git\openpose\src\openpose\utilities\profiler.cpp">
      <Filter>Source Files\utilities</Filter>
    </ClCompile>
    <ClCompile Include="D:\git\openpose\src\openpose\utilities\string.cpp">
      <Filter>Source Files\utilities</Filter>
    </ClCompile>
    <ClCompile Include="D:\git\openpose\src\openpose\wrapper\defineTemplates.cpp">
      <Filter>Source Files\wrapper</Filter>
    </ClCompile>
    <ClCompile Include="D:\git\openpose\src\openpose\wrapper\wrapperAuxiliary.cpp">
      <Filter>Source Files\wrapper</Filter>
    </ClCompile>
    <ClCompile Include="D:\git\openpose\src\openpose\wrapper\wrapperStructExtra.cpp">
      <Filter>Source Files\wrapper</Filter>
    </ClCompile>
    <ClCompile Include="D:\git\openpose\src\openpose\wrapper\wrapperStructFace.cpp">
      <Filter>Source Files\wrapper</Filter>
    </ClCompile>
    <ClCompile Include="D:\git\openpose\src\openpose\wrapper\wrapperStructHand.cpp">
      <Filter>Source Files\wrapper</Filter>
    </ClCompile>
    <ClCompile Include="D:\git\openpose\src\openpose\wrapper\wrapperStructInput.cpp">
      <Filter>Source Files\wrapper</Filter>
    </ClCompile>
    <ClCompile Include="D:\git\openpose\src\openpose\wrapper\wrapperStructOutput.cpp">
      <Filter>Source Files\wrapper</Filter>
    </ClCompile>
    <ClCompile Include="D:\git\openpose\src\openpose\wrapper\wrapperStructPose.cpp">
      <Filter>Source Files\wrapper</Filter>
    </ClCompile>
  </ItemGroup>
  <ItemGroup>
    <CustomBuild Include="D:\git\openpose\src\openpose\face\renderFace.cu">
      <Filter>Source Files\face</Filter>
    </CustomBuild>
    <CustomBuild Include="D:\git\openpose\src\openpose\hand\renderHand.cu">
      <Filter>Source Files\hand</Filter>
    </CustomBuild>
    <CustomBuild Include="D:\git\openpose\src\openpose\net\maximumBase.cu">
      <Filter>Source Files\net</Filter>
    </CustomBuild>
    <CustomBuild Include="D:\git\openpose\src\openpose\net\nmsBase.cu">
      <Filter>Source Files\net</Filter>
    </CustomBuild>
    <CustomBuild Include="D:\git\openpose\src\openpose\net\resizeAndMergeBase.cu">
      <Filter>Source Files\net</Filter>
    </CustomBuild>
    <CustomBuild Include="D:\git\openpose\src\openpose\pose\bodyPartConnectorBase.cu">
      <Filter>Source Files\pose</Filter>
    </CustomBuild>
    <CustomBuild Include="D:\git\openpose\src\openpose\pose\renderPose.cu">
      <Filter>Source Files\pose</Filter>
    </CustomBuild>
    <CustomBuild Include="D:\git\openpose\src\openpose\tracking\pyramidalLK.cu">
      <Filter>Source Files\tracking</Filter>
    </CustomBuild>
  </ItemGroup>
  <ItemGroup>
    <Object Include="D:\git\openpose\bulid_windows\src\openpose\CMakeFiles\openpose.dir\face\$(Configuration)\openpose_generated_renderFace.cu.obj">
      <Filter>Object Files</Filter>
    </Object>
    <Object Include="D:\git\openpose\bulid_windows\src\openpose\CMakeFiles\openpose.dir\hand\$(Configuration)\openpose_generated_renderHand.cu.obj">
      <Filter>Object Files</Filter>
    </Object>
    <Object Include="D:\git\openpose\bulid_windows\src\openpose\CMakeFiles\openpose.dir\net\$(Configuration)\openpose_generated_maximumBase.cu.obj">
      <Filter>Object Files</Filter>
    </Object>
    <Object Include="D:\git\openpose\bulid_windows\src\openpose\CMakeFiles\openpose.dir\net\$(Configuration)\openpose_generated_nmsBase.cu.obj">
      <Filter>Object Files</Filter>
    </Object>
    <Object Include="D:\git\openpose\bulid_windows\src\openpose\CMakeFiles\openpose.dir\net\$(Configuration)\openpose_generated_resizeAndMergeBase.cu.obj">
      <Filter>Object Files</Filter>
    </Object>
    <Object Include="D:\git\openpose\bulid_windows\src\openpose\CMakeFiles\openpose.dir\pose\$(Configuration)\openpose_generated_bodyPartConnectorBase.cu.obj">
      <Filter>Object Files</Filter>
    </Object>
    <Object Include="D:\git\openpose\bulid_windows\src\openpose\CMakeFiles\openpose.dir\pose\$(Configuration)\openpose_generated_renderPose.cu.obj">
      <Filter>Object Files</Filter>
    </Object>
    <Object Include="D:\git\openpose\bulid_windows\src\openpose\CMakeFiles\openpose.dir\tracking\$(Configuration)\openpose_generated_pyramidalLK.cu.obj">
      <Filter>Object Files</Filter>
    </Object>
  </ItemGroup>
  <ItemGroup>
    <Filter Include="Object Files">
      <UniqueIdentifier>{90628111-9A67-3919-B45C-2B091C9777BC}</UniqueIdentifier>
    </Filter>
    <Filter Include="Source Files">
      <UniqueIdentifier>{7BC8AFFA-F585-3B07-977A-49699ACA96EF}</UniqueIdentifier>
    </Filter>
    <Filter Include="Source Files\3d">
      <UniqueIdentifier>{9529A07D-16E4-3DB7-B14E-DC413CA9C2E7}</UniqueIdentifier>
    </Filter>
    <Filter Include="Source Files\calibration">
      <UniqueIdentifier>{D6A109C4-D862-3852-8DD9-ED8A48167D6C}</UniqueIdentifier>
    </Filter>
    <Filter Include="Source Files\core">
      <UniqueIdentifier>{32CCD397-37FF-3B96-864B-76D8B71BC295}</UniqueIdentifier>
    </Filter>
    <Filter Include="Source Files\face">
      <UniqueIdentifier>{85EDD9B9-72FC-3024-9433-8E203C247583}</UniqueIdentifier>
    </Filter>
    <Filter Include="Source Files\filestream">
      <UniqueIdentifier>{AF5CC20A-5BB3-3A6C-B81E-878E090CDBEB}</UniqueIdentifier>
    </Filter>
    <Filter Include="Source Files\gpu">
      <UniqueIdentifier>{8BD8F0F5-6380-3159-96BB-9065E033BD3D}</UniqueIdentifier>
    </Filter>
    <Filter Include="Source Files\gui">
      <UniqueIdentifier>{BAB41FF7-E5A2-3E78-AE87-01D6E1A15CA1}</UniqueIdentifier>
    </Filter>
    <Filter Include="Source Files\hand">
      <UniqueIdentifier>{C7C8E660-A201-39C1-AF95-E2FEB2FE1FC3}</UniqueIdentifier>
    </Filter>
    <Filter Include="Source Files\net">
      <UniqueIdentifier>{020DE42F-E829-37DE-9D82-5F54E2E126D7}</UniqueIdentifier>
    </Filter>
    <Filter Include="Source Files\pose">
      <UniqueIdentifier>{6DC39989-EA0B-3D5B-97A8-063E12BBF3FA}</UniqueIdentifier>
    </Filter>
    <Filter Include="Source Files\producer">
      <UniqueIdentifier>{BEC7A809-5CA2-3627-BE46-7586260A5F3F}</UniqueIdentifier>
    </Filter>
    <Filter Include="Source Files\thread">
      <UniqueIdentifier>{0A28E180-571F-372B-9A3D-640568E903DB}</UniqueIdentifier>
    </Filter>
    <Filter Include="Source Files\tracking">
      <UniqueIdentifier>{C72C57CF-6354-3A3F-A2C7-EE77DFB4E55B}</UniqueIdentifier>
    </Filter>
    <Filter Include="Source Files\utilities">
      <UniqueIdentifier>{78EB5EA7-6200-314F-A7E2-6422D5DADD21}</UniqueIdentifier>
    </Filter>
    <Filter Include="Source Files\wrapper">
      <UniqueIdentifier>{879D87A4-406C-3758-B16D-99D5EAD20926}</UniqueIdentifier>
    </Filter>
  </ItemGroup>
</Project>
